
Microsoft Visual Studio Solution File, Format Version 12.00
# Visual Studio Version 16
VisualStudioVersion = 16.0.30114.105
MinimumVisualStudioVersion = 10.0.40219.1
Project("{FAE04EC0-301F-11D3-BF4B-00C04F79EFBC}") = "SimpleApp", "SimpleApp\SimpleApp.csproj", "{4BD730C8-1982-4D48-8B5F-58513E78752E}"
EndProject
Project("{FAE04EC0-301F-11D3-BF4B-00C04F79EFBC}") = "SimpleApp.Tests", "SimpleApp.Tests\SimpleApp.Tests.csproj", "{6A8482EA-C033-4A53-A62F-A40127AA18C4}"
EndProject
Global
	GlobalSection(SolutionConfigurationPlatforms) = preSolution
		Debug|Any CPU = Debug|Any CPU
		Release|Any CPU = Release|Any CPU
	EndGlobalSection
	GlobalSection(SolutionProperties) = preSolution
		HideSolutionNode = FALSE
	EndGlobalSection
	GlobalSection(ProjectConfigurationPlatforms) = postSolution
		{4BD730C8-1982-4D48-8B5F-58513E78752E}.Debug|Any CPU.ActiveCfg = Debug|Any CPU
		{4BD730C8-1982-4D48-8B5F-58513E78752E}.Debug|Any CPU.Build.0 = Debug|Any CPU
		{4BD730C8-1982-4D48-8B5F-58513E78752E}.Release|Any CPU.ActiveCfg = Release|Any CPU
		{4BD730C8-1982-4D48-8B5F-58513E78752E}.Release|Any CPU.Build.0 = Release|Any CPU
		{6A8482EA-C033-4A53-A62F-A40127AA18C4}.Debug|Any CPU.ActiveCfg = Debug|Any CPU
		{6A8482EA-C033-4A53-A62F-A40127AA18C4}.Debug|Any CPU.Build.0 = Debug|Any CPU
		{6A8482EA-C033-4A53-A62F-A40127AA18C4}.Release|Any CPU.ActiveCfg = Release|Any CPU
		{6A8482EA-C033-4A53-A62F-A40127AA18C4}.Release|Any CPU.Build.0 = Release|Any CPU
	EndGlobalSection
EndGlobal
